
Microsoft Visual Studio Solution File, Format Version 12.00
# Visual Studio Version 17
VisualStudioVersion = 17.4.33213.308
MinimumVisualStudioVersion = 10.0.40219.1
Project("{9A19103F-16F7-4668-BE54-9A1E7A4F7556}") = "SourceGeneratorQuery", "src\SourceGeneratorQuery.csproj", "{517DCEE9-57EF-42C6-B162-3BD48F42E884}"
EndProject
Global
	GlobalSection(SolutionConfigurationPlatforms) = preSolution
		Debug|Any CPU = Debug|Any CPU
		Release|Any CPU = Release|Any CPU
	EndGlobalSection
	GlobalSection(ProjectConfigurationPlatforms) = postSolution
		{517DCEE9-57EF-42C6-B162-3BD48F42E884}.Debug|Any CPU.ActiveCfg = Debug|Any CPU
		{517DCEE9-57EF-42C6-B162-3BD48F42E884}.Debug|Any CPU.Build.0 = Debug|Any CPU
		{517DCEE9-57EF-42C6-B162-3BD48F42E884}.Release|Any CPU.ActiveCfg = Release|Any CPU
		{517DCEE9-57EF-42C6-B162-3BD48F42E884}.Release|Any CPU.Build.0 = Release|Any CPU
	EndGlobalSection
	GlobalSection(SolutionProperties) = preSolution
		HideSolutionNode = FALSE
	EndGlobalSection
	GlobalSection(ExtensibilityGlobals) = postSolution
		SolutionGuid = {2BCDBEBF-59B9-4CB8-BEF6-381F3E963562}
	EndGlobalSection
EndGlobal
